// !$*UTF8*$!
{
	archiveVersion = 1;
	classes = {
	};
	objectVersion = 48;
	objects = {

/* Begin PBXBuildFile section */
		D0E18018202B6ED000F1FCB5 /* AppDelegate.swift in Sources */ = {isa = PBXBuildFile; fileRef = D0E18017202B6ED000F1FCB5 /* AppDelegate.swift */; };
		D0E1801A202B6ED000F1FCB5 /* WebViewController.swift in Sources */ = {isa = PBXBuildFile; fileRef = D0E18019202B6ED000F1FCB5 /* WebViewController.swift */; };
		D0E18021202B6ED000F1FCB5 /* Assets.xcassets in Resources */ = {isa = PBXBuildFile; fileRef = D0E18020202B6ED000F1FCB5 /* Assets.xcassets */; };
		D0E18024202B6ED000F1FCB5 /* LaunchScreen.storyboard in Resources */ = {isa = PBXBuildFile; fileRef = D0E18022202B6ED000F1FCB5 /* LaunchScreen.storyboard */; };
		D0E1802F202B7EDB00F1FCB5 /* TabBarController.swift in Sources */ = {isa = PBXBuildFile; fileRef = D0E1802E202B7EDB00F1FCB5 /* TabBarController.swift */; };
/* End PBXBuildFile section */

/* Begin PBXFileReference section */
		D0E18014202B6ED000F1FCB5 /* BrokenWebViews.app */ = {isa = PBXFileReference; explicitFileType = wrapper.application; includeInIndex = 0; path = BrokenWebViews.app; sourceTree = BUILT_PRODUCTS_DIR; };
		D0E18017202B6ED000F1FCB5 /* AppDelegate.swift */ = {isa = PBXFileReference; lastKnownFileType = sourcecode.swift; path = AppDelegate.swift; sourceTree = "<group>"; };
		D0E18019202B6ED000F1FCB5 /* WebViewController.swift */ = {isa = PBXFileReference; lastKnownFileType = sourcecode.swift; path = WebViewController.swift; sourceTree = "<group>"; };
		D0E18020202B6ED000F1FCB5 /* Assets.xcassets */ = {isa = PBXFileReference; lastKnownFileType = folder.assetcatalog; path = Assets.xcassets; sourceTree = "<group>"; };
		D0E18023202B6ED000F1FCB5 /* Base */ = {isa = PBXFileReference; lastKnownFileType = file.storyboard; name = Base; path = Base.lproj/LaunchScreen.storyboard; sourceTree = "<group>"; };
		D0E18025202B6ED000F1FCB5 /* Info.plist */ = {isa = PBXFileReference; lastKnownFileType = text.plist.xml; path = Info.plist; sourceTree = "<group>"; };
		D0E1802C202B6FBE00F1FCB5 /* WebKit.framework */ = {isa = PBXFileReference; lastKnownFileType = wrapper.framework; name = WebKit.framework; path = System/Library/Frameworks/WebKit.framework; sourceTree = SDKROOT; };
		D0E1802E202B7EDB00F1FCB5 /* TabBarController.swift */ = {isa = PBXFileReference; lastKnownFileType = sourcecode.swift; path = TabBarController.swift; sourceTree = "<group>"; };
/* End PBXFileReference section */

/* Begin PBXFrameworksBuildPhase section */
		D0E18011202B6ED000F1FCB5 /* Frameworks */ = {
			isa = PBXFrameworksBuildPhase;
			buildActionMask = 2147483647;
			files = (
			);
			runOnlyForDeploymentPostprocessing = 0;
		};
/* End PBXFrameworksBuildPhase section */

/* Begin PBXGroup section */
		D0E1800B202B6ED000F1FCB5 = {
			isa = PBXGroup;
			children = (
				D0E18016202B6ED000F1FCB5 /* BrokenWebViews */,
				D0E18015202B6ED000F1FCB5 /* Products */,
				D0E1802B202B6FBE00F1FCB5 /* Frameworks */,
			);
			sourceTree = "<group>";
		};
		D0E18015202B6ED000F1FCB5 /* Products */ = {
			isa = PBXGroup;
			children = (
				D0E18014202B6ED000F1FCB5 /* BrokenWebViews.app */,
			);
			name = Products;
			sourceTree = "<group>";
		};
		D0E18016202B6ED000F1FCB5 /* BrokenWebViews */ = {
			isa = PBXGroup;
			children = (
				D0E18017202B6ED000F1FCB5 /* AppDelegate.swift */,
				D0E1802E202B7EDB00F1FCB5 /* TabBarController.swift */,
				D0E18019202B6ED000F1FCB5 /* WebViewController.swift */,
				D0E18020202B6ED000F1FCB5 /* Assets.xcassets */,
				D0E18022202B6ED000F1FCB5 /* LaunchScreen.storyboard */,
				D0E18025202B6ED000F1FCB5 /* Info.plist */,
			);
			path = BrokenWebViews;
			sourceTree = "<group>";
		};
		D0E1802B202B6FBE00F1FCB5 /* Frameworks */ = {
			isa = PBXGroup;
			children = (
				D0E1802C202B6FBE00F1FCB5 /* WebKit.framework */,
			);
			name = Frameworks;
			sourceTree = "<group>";
		};
/* End PBXGroup section */

/* Begin PBXNativeTarget section */
		D0E18013202B6ED000F1FCB5 /* BrokenWebViews */ = {
			isa = PBXNativeTarget;
			buildConfigurationList = D0E18028202B6ED000F1FCB5 /* Build configuration list for PBXNativeTarget "BrokenWebViews" */;
			buildPhases = (
				D0E18010202B6ED000F1FCB5 /* Sources */,
				D0E18011202B6ED000F1FCB5 /* Frameworks */,
				D0E18012202B6ED000F1FCB5 /* Resources */,
			);
			buildRules = (
			);
			dependencies = (
			);
			name = BrokenWebViews;
			productName = BrokenWebViews;
			productReference = D0E18014202B6ED000F1FCB5 /* BrokenWebViews.app */;
			productType = "com.apple.product-type.application";
		};
/* End PBXNativeTarget section */

/* Begin PBXProject section */
		D0E1800C202B6ED000F1FCB5 /* Project object */ = {
			isa = PBXProject;
			attributes = {
				LastSwiftUpdateCheck = 0920;
				LastUpgradeCheck = 0920;
				ORGANIZATIONNAME = "Justin D'Arcangelo";
				TargetAttributes = {
					D0E18013202B6ED000F1FCB5 = {
						CreatedOnToolsVersion = 9.2;
						ProvisioningStyle = Automatic;
					};
				};
			};
			buildConfigurationList = D0E1800F202B6ED000F1FCB5 /* Build configuration list for PBXProject "BrokenWebViews" */;
			compatibilityVersion = "Xcode 8.0";
			developmentRegion = en;
			hasScannedForEncodings = 0;
			knownRegions = (
				en,
				Base,
			);
			mainGroup = D0E1800B202B6ED000F1FCB5;
			productRefGroup = D0E18015202B6ED000F1FCB5 /* Products */;
			projectDirPath = "";
			projectRoot = "";
			targets = (
				D0E18013202B6ED000F1FCB5 /* BrokenWebViews */,
			);
		};
/* End PBXProject section */

/* Begin PBXResourcesBuildPhase section */
		D0E18012202B6ED000F1FCB5 /* Resources */ = {
			isa = PBXResourcesBuildPhase;
			buildActionMask = 2147483647;
			files = (
				D0E18024202B6ED000F1FCB5 /* LaunchScreen.storyboard in Resources */,
				D0E18021202B6ED000F1FCB5 /* Assets.xcassets in Resources */,
			);
			runOnlyForDeploymentPostprocessing = 0;
		};
/* End PBXResourcesBuildPhase section */

/* Begin PBXSourcesBuildPhase section */
		D0E18010202B6ED000F1FCB5 /* Sources */ = {
			isa = PBXSourcesBuildPhase;
			buildActionMask = 2147483647;
			files = (
				D0E1802F202B7EDB00F1FCB5 /* TabBarController.swift in Sources */,
				D0E18018202B6ED000F1FCB5 /* AppDelegate.swift in Sources */,
				D0E1801A202B6ED000F1FCB5 /* WebViewController.swift in Sources */,
			);
			runOnlyForDeploymentPostprocessing = 0;
		};
/* End PBXSourcesBuildPhase section */

/* Begin PBXVariantGroup section */
		D0E18022202B6ED000F1FCB5 /* LaunchScreen.storyboard */ = {
			isa = PBXVariantGroup;
			children = (
				D0E18023202B6ED000F1FCB5 /* Base */,
			);
			name = LaunchScreen.storyboard;
			sourceTree = "<group>";
		};
/* End PBXVariantGroup section */

/* Begin XCBuildConfiguration section */
		D0E18026202B6ED000F1FCB5 /* Debug */ = {
			isa = XCBuildConfiguration;
			buildSettings = {
				ALWAYS_SEARCH_USER_PATHS = NO;
				CLANG_ANALYZER_NONNULL = YES;
				CLANG_ANALYZER_NUMBER_OBJECT_CONVERSION = YES_AGGRESSIVE;
				CLANG_CXX_LANGUAGE_STANDARD = "gnu++14";
				CLANG_CXX_LIBRARY = "libc++";
				CLANG_ENABLE_MODULES = YES;
				CLANG_ENABLE_OBJC_ARC = YES;
				CLANG_WARN_BLOCK_CAPTURE_AUTORELEASING = YES;
				CLANG_WARN_BOOL_CONVERSION = YES;
				CLANG_WARN_COMMA = YES;
				CLANG_WARN_CONSTANT_CONVERSION = YES;
				CLANG_WARN_DIRECT_OBJC_ISA_USAGE = YES_ERROR;
				CLANG_WARN_DOCUMENTATION_COMMENTS = YES;
				CLANG_WARN_EMPTY_BODY = YES;
				CLANG_WARN_ENUM_CONVERSION = YES;
				CLANG_WARN_INFINITE_RECURSION = YES;
				CLANG_WARN_INT_CONVERSION = YES;
				CLANG_WARN_NON_LITERAL_NULL_CONVERSION = YES;
				CLANG_WARN_OBJC_LITERAL_CONVERSION = YES;
				CLANG_WARN_OBJC_ROOT_CLASS = YES_ERROR;
				CLANG_WARN_RANGE_LOOP_ANALYSIS = YES;
				CLANG_WARN_STRICT_PROTOTYPES = YES;
				CLANG_WARN_SUSPICIOUS_MOVE = YES;
				CLANG_WARN_UNGUARDED_AVAILABILITY = YES_AGGRESSIVE;
				CLANG_WARN_UNREACHABLE_CODE = YES;
				CLANG_WARN__DUPLICATE_METHOD_MATCH = YES;
				CODE_SIGN_IDENTITY = "iPhone Developer";
				COPY_PHASE_STRIP = NO;
				DEBUG_INFORMATION_FORMAT = dwarf;
				ENABLE_STRICT_OBJC_MSGSEND = YES;
				ENABLE_TESTABILITY = YES;
				GCC_C_LANGUAGE_STANDARD = gnu11;
				GCC_DYNAMIC_NO_PIC = NO;
				GCC_NO_COMMON_BLOCKS = YES;
				GCC_OPTIMIZATION_LEVEL = 0;
				GCC_PREPROCESSOR_DEFINITIONS = (
					"DEBUG=1",
					"$(inherited)",
				);
				GCC_WARN_64_TO_32_BIT_CONVERSION = YES;
				GCC_WARN_ABOUT_RETURN_TYPE = YES_ERROR;
				GCC_WARN_UNDECLARED_SELECTOR = YES;
				GCC_WARN_UNINITIALIZED_AUTOS = YES_AGGRESSIVE;
				GCC_WARN_UNUSED_FUNCTION = YES;
				GCC_WARN_UNUSED_VARIABLE = YES;
				IPHONEOS_DEPLOYMENT_TARGET = 10.3;
				MTL_ENABLE_DEBUG_INFO = YES;
				ONLY_ACTIVE_ARCH = YES;
				SDKROOT = iphoneos;
				SWIFT_ACTIVE_COMPILATION_CONDITIONS = DEBUG;
				SWIFT_OPTIMIZATION_LEVEL = "-Onone";
			};
			name = Debug;
		};
		D0E18027202B6ED000F1FCB5 /* Release */ = {
			isa = XCBuildConfiguration;
			buildSettings = {
				ALWAYS_SEARCH_USER_PATHS = NO;
				CLANG_ANALYZER_NONNULL = YES;
				CLANG_ANALYZER_NUMBER_OBJECT_CONVERSION = YES_AGGRESSIVE;
				CLANG_CXX_LANGUAGE_STANDARD = "gnu++14";
				CLANG_CXX_LIBRARY = "libc++";
				CLANG_ENABLE_MODULES = YES;
				CLANG_ENABLE_OBJC_ARC = YES;
				CLANG_WARN_BLOCK_CAPTURE_AUTORELEASING = YES;
				CLANG_WARN_BOOL_CONVERSION = YES;
				CLANG_WARN_COMMA = YES;
				CLANG_WARN_CONSTANT_CONVERSION = YES;
				CLANG_WARN_DIRECT_OBJC_ISA_USAGE = YES_ERROR;
				CLANG_WARN_DOCUMENTATION_COMMENTS = YES;
				CLANG_WARN_EMPTY_BODY = YES;
				CLANG_WARN_ENUM_CONVERSION = YES;
				CLANG_WARN_INFINITE_RECURSION = YES;
				CLANG_WARN_INT_CONVERSION = YES;
				CLANG_WARN_NON_LITERAL_NULL_CONVERSION = YES;
				CLANG_WARN_OBJC_LITERAL_CONVERSION = YES;
				CLANG_WARN_OBJC_ROOT_CLASS = YES_ERROR;
				CLANG_WARN_RANGE_LOOP_ANALYSIS = YES;
				CLANG_WARN_STRICT_PROTOTYPES = YES;
				CLANG_WARN_SUSPICIOUS_MOVE = YES;
				CLANG_WARN_UNGUARDED_AVAILABILITY = YES_AGGRESSIVE;
				CLANG_WARN_UNREACHABLE_CODE = YES;
				CLANG_WARN__DUPLICATE_METHOD_MATCH = YES;
				CODE_SIGN_IDENTITY = "iPhone Developer";
				COPY_PHASE_STRIP = NO;
				DEBUG_INFORMATION_FORMAT = "dwarf-with-dsym";
				ENABLE_NS_ASSERTIONS = NO;
				ENABLE_STRICT_OBJC_MSGSEND = YES;
				GCC_C_LANGUAGE_STANDARD = gnu11;
				GCC_NO_COMMON_BLOCKS = YES;
				GCC_WARN_64_TO_32_BIT_CONVERSION = YES;
				GCC_WARN_ABOUT_RETURN_TYPE = YES_ERROR;
				GCC_WARN_UNDECLARED_SELECTOR = YES;
				GCC_WARN_UNINITIALIZED_AUTOS = YES_AGGRESSIVE;
				GCC_WARN_UNUSED_FUNCTION = YES;
				GCC_WARN_UNUSED_VARIABLE = YES;
				IPHONEOS_DEPLOYMENT_TARGET = 10.3;
				MTL_ENABLE_DEBUG_INFO = NO;
				SDKROOT = iphoneos;
				SWIFT_OPTIMIZATION_LEVEL = "-Owholemodule";
				VALIDATE_PRODUCT = YES;
			};
			name = Release;
		};
		D0E18029202B6ED000F1FCB5 /* Debug */ = {
			isa = XCBuildConfiguration;
			buildSettings = {
				ASSETCATALOG_COMPILER_APPICON_NAME = AppIcon;
				CODE_SIGN_STYLE = Automatic;
				DEVELOPMENT_TEAM = 43AQ936H96;
				INFOPLIST_FILE = BrokenWebViews/Info.plist;
				LD_RUNPATH_SEARCH_PATHS = "$(inherited) @executable_path/Frameworks";
				PRODUCT_BUNDLE_IDENTIFIER = org.mozilla.ios.BrokenWebViews;
				PRODUCT_NAME = "$(TARGET_NAME)";
				SWIFT_VERSION = 4.0;
				TARGETED_DEVICE_FAMILY = "1,2";
			};
			name = Debug;
		};
		D0E1802A202B6ED000F1FCB5 /* Release */ = {
			isa = XCBuildConfiguration;
			buildSettings = {
				ASSETCATALOG_COMPILER_APPICON_NAME = AppIcon;
				CODE_SIGN_STYLE = Automatic;
				DEVELOPMENT_TEAM = 43AQ936H96;
				INFOPLIST_FILE = BrokenWebViews/Info.plist;
				LD_RUNPATH_SEARCH_PATHS = "$(inherited) @executable_path/Frameworks";
				PRODUCT_BUNDLE_IDENTIFIER = org.mozilla.ios.BrokenWebViews;
				PRODUCT_NAME = "$(TARGET_NAME)";
				SWIFT_VERSION = 4.0;
				TARGETED_DEVICE_FAMILY = "1,2";
			};
			name = Release;
		};
/* End XCBuildConfiguration section */

/* Begin XCConfigurationList section */
		D0E1800F202B6ED000F1FCB5 /* Build configuration list for PBXProject "BrokenWebViews" */ = {
			isa = XCConfigurationList;
			buildConfigurations = (
				D0E18026202B6ED000F1FCB5 /* Debug */,
				D0E18027202B6ED000F1FCB5 /* Release */,
			);
			defaultConfigurationIsVisible = 0;
			defaultConfigurationName = Release;
		};
		D0E18028202B6ED000F1FCB5 /* Build configuration list for PBXNativeTarget "BrokenWebViews" */ = {
			isa = XCConfigurationList;
			buildConfigurations = (
				D0E18029202B6ED000F1FCB5 /* Debug */,
				D0E1802A202B6ED000F1FCB5 /* Release */,
			);
			defaultConfigurationIsVisible = 0;
			defaultConfigurationName = Release;
		};
/* End XCConfigurationList section */
	};
	rootObject = D0E1800C202B6ED000F1FCB5 /* Project object */;
}
